
Microsoft Visual Studio Solution File, Format Version 12.00
# Visual Studio Version 17
VisualStudioVersion = 17.8.34219.65
MinimumVisualStudioVersion = 10.0.40219.1
Project("{FAE04EC0-301F-11D3-BF4B-00C04F79EFBC}") = "PS27765_NguyenNgocChien_SD18317", "PS27765_NguyenNgocChien_SD18317\PS27765_NguyenNgocChien_SD18317.csproj", "{276C63FB-8A69-4592-B444-8A588F6DB370}"
EndProject
Global
	GlobalSection(SolutionConfigurationPlatforms) = preSolution
		Debug|Any CPU = Debug|Any CPU
		Release|Any CPU = Release|Any CPU
	EndGlobalSection
	GlobalSection(ProjectConfigurationPlatforms) = postSolution
		{276C63FB-8A69-4592-B444-8A588F6DB370}.Debug|Any CPU.ActiveCfg = Debug|Any CPU
		{276C63FB-8A69-4592-B444-8A588F6DB370}.Debug|Any CPU.Build.0 = Debug|Any CPU
		{276C63FB-8A69-4592-B444-8A588F6DB370}.Release|Any CPU.ActiveCfg = Release|Any CPU
		{276C63FB-8A69-4592-B444-8A588F6DB370}.Release|Any CPU.Build.0 = Release|Any CPU
	EndGlobalSection
	GlobalSection(SolutionProperties) = preSolution
		HideSolutionNode = FALSE
	EndGlobalSection
	GlobalSection(ExtensibilityGlobals) = postSolution
		SolutionGuid = {CDE8D9D6-1F77-4F57-A6CC-3605EC0E4424}
	EndGlobalSection
EndGlobal
